
Microsoft Visual Studio Solution File, Format Version 12.00
# Visual Studio Version 16
VisualStudioVersion = 16.0.29418.71
MinimumVisualStudioVersion = 10.0.40219.1
Project("{9A19103F-16F7-4668-BE54-9A1E7A4F7556}") = "Integrator", "Integrator\Integrator.csproj", "{44E9BC98-B45D-41FD-808D-550B1AD839E9}"
EndProject
Project("{9A19103F-16F7-4668-BE54-9A1E7A4F7556}") = "VirusServices", "VirusServices\VirusServices.csproj", "{23ACE41C-DDB0-4F1A-AD44-66DD823CEB73}"
EndProject
Project("{9A19103F-16F7-4668-BE54-9A1E7A4F7556}") = "NetworkService", "NetworkService\NetworkService.csproj", "{E2BD8CEC-6EA8-46FA-B88E-2946087A176E}"
EndProject
Project("{2150E333-8FDC-42A3-9474-1A3956D46DE8}") = "Tests", "Tests", "{13563880-4F91-45FB-89FD-38592281D192}"
EndProject
Project("{9A19103F-16F7-4668-BE54-9A1E7A4F7556}") = "NetworkServiceTest", "Tests\NetworkServiceTest\NetworkServiceTest.csproj", "{ADA964B7-2F8C-4D9A-B97B-CFC33188149E}"
EndProject
Project("{9A19103F-16F7-4668-BE54-9A1E7A4F7556}") = "Infrastructure", "Infrastructure\Infrastructure.csproj", "{DB5F4C7C-FE77-4142-9105-793D1B2319EA}"
EndProject
Project("{9A19103F-16F7-4668-BE54-9A1E7A4F7556}") = "VirusServiceTest", "Tests\VirusServiceTest\VirusServiceTest.csproj", "{B38A6140-D25C-4844-AEC2-F66C3D9A3133}"
EndProject
Project("{E53339B2-1760-4266-BCC7-CA923CBCF16C}") = "docker-compose", "docker-compose.dcproj", "{923D5B6C-B983-4BD1-82F5-0A024D4305BB}"
EndProject
Project("{FAE04EC0-301F-11D3-BF4B-00C04F79EFBC}") = "LocationService", "LocationService\LocationService.csproj", "{B096F0FA-B5C3-40A9-B79F-60ABD98CF79A}"
EndProject
Project("{FAE04EC0-301F-11D3-BF4B-00C04F79EFBC}") = "LocationServiceTest", "Tests\LocationServiceTest\LocationServiceTest.csproj", "{14581BD0-D2B6-464B-B60C-BA64E8068CA0}"
EndProject
Global
	GlobalSection(SolutionConfigurationPlatforms) = preSolution
		Debug|Any CPU = Debug|Any CPU
		Release|Any CPU = Release|Any CPU
	EndGlobalSection
	GlobalSection(ProjectConfigurationPlatforms) = postSolution
		{44E9BC98-B45D-41FD-808D-550B1AD839E9}.Debug|Any CPU.ActiveCfg = Debug|Any CPU
		{44E9BC98-B45D-41FD-808D-550B1AD839E9}.Debug|Any CPU.Build.0 = Debug|Any CPU
		{44E9BC98-B45D-41FD-808D-550B1AD839E9}.Release|Any CPU.ActiveCfg = Release|Any CPU
		{44E9BC98-B45D-41FD-808D-550B1AD839E9}.Release|Any CPU.Build.0 = Release|Any CPU
		{23ACE41C-DDB0-4F1A-AD44-66DD823CEB73}.Debug|Any CPU.ActiveCfg = Debug|Any CPU
		{23ACE41C-DDB0-4F1A-AD44-66DD823CEB73}.Debug|Any CPU.Build.0 = Debug|Any CPU
		{23ACE41C-DDB0-4F1A-AD44-66DD823CEB73}.Release|Any CPU.ActiveCfg = Release|Any CPU
		{23ACE41C-DDB0-4F1A-AD44-66DD823CEB73}.Release|Any CPU.Build.0 = Release|Any CPU
		{E2BD8CEC-6EA8-46FA-B88E-2946087A176E}.Debug|Any CPU.ActiveCfg = Debug|Any CPU
		{E2BD8CEC-6EA8-46FA-B88E-2946087A176E}.Debug|Any CPU.Build.0 = Debug|Any CPU
		{E2BD8CEC-6EA8-46FA-B88E-2946087A176E}.Release|Any CPU.ActiveCfg = Release|Any CPU
		{E2BD8CEC-6EA8-46FA-B88E-2946087A176E}.Release|Any CPU.Build.0 = Release|Any CPU
		{ADA964B7-2F8C-4D9A-B97B-CFC33188149E}.Debug|Any CPU.ActiveCfg = Debug|Any CPU
		{ADA964B7-2F8C-4D9A-B97B-CFC33188149E}.Debug|Any CPU.Build.0 = Debug|Any CPU
		{ADA964B7-2F8C-4D9A-B97B-CFC33188149E}.Release|Any CPU.ActiveCfg = Release|Any CPU
		{ADA964B7-2F8C-4D9A-B97B-CFC33188149E}.Release|Any CPU.Build.0 = Release|Any CPU
		{DB5F4C7C-FE77-4142-9105-793D1B2319EA}.Debug|Any CPU.ActiveCfg = Debug|Any CPU
		{DB5F4C7C-FE77-4142-9105-793D1B2319EA}.Debug|Any CPU.Build.0 = Debug|Any CPU
		{DB5F4C7C-FE77-4142-9105-793D1B2319EA}.Release|Any CPU.ActiveCfg = Release|Any CPU
		{DB5F4C7C-FE77-4142-9105-793D1B2319EA}.Release|Any CPU.Build.0 = Release|Any CPU
		{B38A6140-D25C-4844-AEC2-F66C3D9A3133}.Debug|Any CPU.ActiveCfg = Debug|Any CPU
		{B38A6140-D25C-4844-AEC2-F66C3D9A3133}.Debug|Any CPU.Build.0 = Debug|Any CPU
		{B38A6140-D25C-4844-AEC2-F66C3D9A3133}.Release|Any CPU.ActiveCfg = Release|Any CPU
		{B38A6140-D25C-4844-AEC2-F66C3D9A3133}.Release|Any CPU.Build.0 = Release|Any CPU
		{923D5B6C-B983-4BD1-82F5-0A024D4305BB}.Debug|Any CPU.ActiveCfg = Debug|Any CPU
		{923D5B6C-B983-4BD1-82F5-0A024D4305BB}.Debug|Any CPU.Build.0 = Debug|Any CPU
		{923D5B6C-B983-4BD1-82F5-0A024D4305BB}.Release|Any CPU.ActiveCfg = Release|Any CPU
		{923D5B6C-B983-4BD1-82F5-0A024D4305BB}.Release|Any CPU.Build.0 = Release|Any CPU
		{B096F0FA-B5C3-40A9-B79F-60ABD98CF79A}.Debug|Any CPU.ActiveCfg = Debug|Any CPU
		{B096F0FA-B5C3-40A9-B79F-60ABD98CF79A}.Debug|Any CPU.Build.0 = Debug|Any CPU
		{B096F0FA-B5C3-40A9-B79F-60ABD98CF79A}.Release|Any CPU.ActiveCfg = Release|Any CPU
		{B096F0FA-B5C3-40A9-B79F-60ABD98CF79A}.Release|Any CPU.Build.0 = Release|Any CPU
		{14581BD0-D2B6-464B-B60C-BA64E8068CA0}.Debug|Any CPU.ActiveCfg = Debug|Any CPU
		{14581BD0-D2B6-464B-B60C-BA64E8068CA0}.Debug|Any CPU.Build.0 = Debug|Any CPU
		{14581BD0-D2B6-464B-B60C-BA64E8068CA0}.Release|Any CPU.ActiveCfg = Release|Any CPU
		{14581BD0-D2B6-464B-B60C-BA64E8068CA0}.Release|Any CPU.Build.0 = Release|Any CPU
	EndGlobalSection
	GlobalSection(SolutionProperties) = preSolution
		HideSolutionNode = FALSE
	EndGlobalSection
	GlobalSection(NestedProjects) = preSolution
		{ADA964B7-2F8C-4D9A-B97B-CFC33188149E} = {13563880-4F91-45FB-89FD-38592281D192}
		{B38A6140-D25C-4844-AEC2-F66C3D9A3133} = {13563880-4F91-45FB-89FD-38592281D192}
		{14581BD0-D2B6-464B-B60C-BA64E8068CA0} = {13563880-4F91-45FB-89FD-38592281D192}
	EndGlobalSection
	GlobalSection(ExtensibilityGlobals) = postSolution
		SolutionGuid = {1CBA7C9D-D822-4214-A2A9-AD8EAF491912}
	EndGlobalSection
EndGlobal
